
Microsoft Visual Studio Solution File, Format Version 12.00
# Visual Studio Version 17
VisualStudioVersion = 17.3.32922.545
MinimumVisualStudioVersion = 10.0.40219.1
Project("{FAE04EC0-301F-11D3-BF4B-00C04F79EFBC}") = "RestaurantMenu", "RestaurantMenu\RestaurantMenu.csproj", "{2329E958-3BF9-4771-9131-82DFD8E465A0}"
EndProject
Global
	GlobalSection(SolutionConfigurationPlatforms) = preSolution
		Debug|Any CPU = Debug|Any CPU
		Release|Any CPU = Release|Any CPU
	EndGlobalSection
	GlobalSection(ProjectConfigurationPlatforms) = postSolution
		{2329E958-3BF9-4771-9131-82DFD8E465A0}.Debug|Any CPU.ActiveCfg = Debug|Any CPU
		{2329E958-3BF9-4771-9131-82DFD8E465A0}.Debug|Any CPU.Build.0 = Debug|Any CPU
		{2329E958-3BF9-4771-9131-82DFD8E465A0}.Release|Any CPU.ActiveCfg = Release|Any CPU
		{2329E958-3BF9-4771-9131-82DFD8E465A0}.Release|Any CPU.Build.0 = Release|Any CPU
	EndGlobalSection
	GlobalSection(SolutionProperties) = preSolution
		HideSolutionNode = FALSE
	EndGlobalSection
	GlobalSection(ExtensibilityGlobals) = postSolution
		SolutionGuid = {0485C68E-35FC-43F5-A453-3288BEA7BF14}
	EndGlobalSection
EndGlobal
